
Microsoft Visual Studio Solution File, Format Version 12.00
# Visual Studio Version 17
VisualStudioVersion = 17.14.36811.4
MinimumVisualStudioVersion = 10.0.40219.1
Project("{FAE04EC0-301F-11D3-BF4B-00C04F79EFBC}") = "EstructurasDeDatosUPSO", "EstructurasDeDatosUPSO\EstructurasDeDatosUPSO.csproj", "{D6AE8F71-AD7D-4857-9C84-76F30B7AC4F9}"
EndProject
Project("{FAE04EC0-301F-11D3-BF4B-00C04F79EFBC}") = "GuiaMatrices", "GuiaMatrices\GuiaMatrices.csproj", "{59D368B2-F3D3-4D0F-ADCA-C946AAA4125E}"
EndProject
Global
	GlobalSection(SolutionConfigurationPlatforms) = preSolution
		Debug|Any CPU = Debug|Any CPU
		Release|Any CPU = Release|Any CPU
	EndGlobalSection
	GlobalSection(ProjectConfigurationPlatforms) = postSolution
		{D6AE8F71-AD7D-4857-9C84-76F30B7AC4F9}.Debug|Any CPU.ActiveCfg = Debug|Any CPU
		{D6AE8F71-AD7D-4857-9C84-76F30B7AC4F9}.Debug|Any CPU.Build.0 = Debug|Any CPU
		{D6AE8F71-AD7D-4857-9C84-76F30B7AC4F9}.Release|Any CPU.ActiveCfg = Release|Any CPU
		{D6AE8F71-AD7D-4857-9C84-76F30B7AC4F9}.Release|Any CPU.Build.0 = Release|Any CPU
		{59D368B2-F3D3-4D0F-ADCA-C946AAA4125E}.Debug|Any CPU.ActiveCfg = Debug|Any CPU
		{59D368B2-F3D3-4D0F-ADCA-C946AAA4125E}.Debug|Any CPU.Build.0 = Debug|Any CPU
		{59D368B2-F3D3-4D0F-ADCA-C946AAA4125E}.Release|Any CPU.ActiveCfg = Release|Any CPU
		{59D368B2-F3D3-4D0F-ADCA-C946AAA4125E}.Release|Any CPU.Build.0 = Release|Any CPU
	EndGlobalSection
	GlobalSection(SolutionProperties) = preSolution
		HideSolutionNode = FALSE
	EndGlobalSection
	GlobalSection(ExtensibilityGlobals) = postSolution
		SolutionGuid = {347380AA-9CB5-4EFC-99B0-52B891242A65}
	EndGlobalSection
EndGlobal
